
Microsoft Visual Studio Solution File, Format Version 12.00
# Visual Studio 2013
VisualStudioVersion = 12.0.31101.0
MinimumVisualStudioVersion = 10.0.40219.1
Project("{FAE04EC0-301F-11D3-BF4B-00C04F79EFBC}") = "ExpertDistributorApp", "ExpertDistributorApp\ExpertDistributorApp.csproj", "{164C688D-8346-451D-85A4-F6277A7E3E44}"
	ProjectSection(ProjectDependencies) = postProject
		{F2B059D6-9E27-4580-8486-F19DBAAA8EBA} = {F2B059D6-9E27-4580-8486-F19DBAAA8EBA}
	EndProjectSection
EndProject
Project("{FAE04EC0-301F-11D3-BF4B-00C04F79EFBC}") = "BusinessLogic", "..\BusinessLogic\BusinessLogic.csproj", "{F2B059D6-9E27-4580-8486-F19DBAAA8EBA}"
EndProject
Project("{FAE04EC0-301F-11D3-BF4B-00C04F79EFBC}") = "DAL", "..\DAL\DAL.csproj", "{C01724FC-7996-4BCF-8DE2-B71944612FDC}"
EndProject
Global
	GlobalSection(SolutionConfigurationPlatforms) = preSolution
		Debug|Any CPU = Debug|Any CPU
		Release|Any CPU = Release|Any CPU
	EndGlobalSection
	GlobalSection(ProjectConfigurationPlatforms) = postSolution
		{164C688D-8346-451D-85A4-F6277A7E3E44}.Debug|Any CPU.ActiveCfg = Debug|Any CPU
		{164C688D-8346-451D-85A4-F6277A7E3E44}.Debug|Any CPU.Build.0 = Debug|Any CPU
		{164C688D-8346-451D-85A4-F6277A7E3E44}.Release|Any CPU.ActiveCfg = Release|Any CPU
		{164C688D-8346-451D-85A4-F6277A7E3E44}.Release|Any CPU.Build.0 = Release|Any CPU
		{F2B059D6-9E27-4580-8486-F19DBAAA8EBA}.Debug|Any CPU.ActiveCfg = Debug|Any CPU
		{F2B059D6-9E27-4580-8486-F19DBAAA8EBA}.Debug|Any CPU.Build.0 = Debug|Any CPU
		{F2B059D6-9E27-4580-8486-F19DBAAA8EBA}.Release|Any CPU.ActiveCfg = Release|Any CPU
		{F2B059D6-9E27-4580-8486-F19DBAAA8EBA}.Release|Any CPU.Build.0 = Release|Any CPU
		{C01724FC-7996-4BCF-8DE2-B71944612FDC}.Debug|Any CPU.ActiveCfg = Debug|Any CPU
		{C01724FC-7996-4BCF-8DE2-B71944612FDC}.Debug|Any CPU.Build.0 = Debug|Any CPU
		{C01724FC-7996-4BCF-8DE2-B71944612FDC}.Release|Any CPU.ActiveCfg = Release|Any CPU
		{C01724FC-7996-4BCF-8DE2-B71944612FDC}.Release|Any CPU.Build.0 = Release|Any CPU
	EndGlobalSection
	GlobalSection(SolutionProperties) = preSolution
		HideSolutionNode = FALSE
	EndGlobalSection
EndGlobal
