
Microsoft Visual Studio Solution File, Format Version 12.00
# Visual Studio 2013
VisualStudioVersion = 12.0.31101.0
MinimumVisualStudioVersion = 10.0.40219.1
Project("{FAE04EC0-301F-11D3-BF4B-00C04F79EFBC}") = "ExpertOrderManagement", "ExpertOrderManagement\ExpertOrderManagement.csproj", "{239B9976-0855-459F-8C79-A740D92A314E}"
	ProjectSection(ProjectDependencies) = postProject
		{73A5C2C1-265C-4AD6-8116-A0EE87986629} = {73A5C2C1-265C-4AD6-8116-A0EE87986629}
	EndProjectSection
EndProject
Project("{FAE04EC0-301F-11D3-BF4B-00C04F79EFBC}") = "BusinessLogic", "BusinessLogic\BusinessLogic.csproj", "{73A5C2C1-265C-4AD6-8116-A0EE87986629}"
	ProjectSection(ProjectDependencies) = postProject
		{713E1495-EF5B-4836-AECF-83765B833A87} = {713E1495-EF5B-4836-AECF-83765B833A87}
	EndProjectSection
EndProject
Project("{FAE04EC0-301F-11D3-BF4B-00C04F79EFBC}") = "DataBase", "DataBase\DataBase.csproj", "{713E1495-EF5B-4836-AECF-83765B833A87}"
EndProject
Project("{FAE04EC0-301F-11D3-BF4B-00C04F79EFBC}") = "CommonLibraries", "CommonLibraries\CommonLibraries.csproj", "{B4022DC5-28FF-4FE3-9DA8-8D5A562220B1}"
EndProject
Project("{FAE04EC0-301F-11D3-BF4B-00C04F79EFBC}") = "OrderAdminPanel", "OrderAdminPanel\OrderAdminPanel.csproj", "{6BDDB15D-6A79-4646-8F51-45B1D1DA297F}"
	ProjectSection(ProjectDependencies) = postProject
		{30B32A64-2FAD-4A59-AACE-8CCCCB01EE9A} = {30B32A64-2FAD-4A59-AACE-8CCCCB01EE9A}
	EndProjectSection
EndProject
Project("{FAE04EC0-301F-11D3-BF4B-00C04F79EFBC}") = "Admin.BusinessLogic", "Admin.BusinessLogic\Admin.BusinessLogic.csproj", "{30B32A64-2FAD-4A59-AACE-8CCCCB01EE9A}"
	ProjectSection(ProjectDependencies) = postProject
		{E041429C-3240-499D-BE99-461E615C8A70} = {E041429C-3240-499D-BE99-461E615C8A70}
	EndProjectSection
EndProject
Project("{FAE04EC0-301F-11D3-BF4B-00C04F79EFBC}") = "Admin.DAL", "Admin.DAL\Admin.DAL.csproj", "{E041429C-3240-499D-BE99-461E615C8A70}"
EndProject
Project("{2150E333-8FDC-42A3-9474-1A3956D46DE8}") = "OrderAdminPanelSolution", "OrderAdminPanelSolution", "{B3C1605E-823F-41B2-B3E0-14A19E30F7FE}"
EndProject
Project("{2150E333-8FDC-42A3-9474-1A3956D46DE8}") = "OrderManagement", "OrderManagement", "{BE8ED852-37BB-4B72-914C-7CCB7A65E4D5}"
EndProject
Global
	GlobalSection(SolutionConfigurationPlatforms) = preSolution
		Debug|Any CPU = Debug|Any CPU
		Release|Any CPU = Release|Any CPU
	EndGlobalSection
	GlobalSection(ProjectConfigurationPlatforms) = postSolution
		{239B9976-0855-459F-8C79-A740D92A314E}.Debug|Any CPU.ActiveCfg = Debug|Any CPU
		{239B9976-0855-459F-8C79-A740D92A314E}.Debug|Any CPU.Build.0 = Debug|Any CPU
		{239B9976-0855-459F-8C79-A740D92A314E}.Release|Any CPU.ActiveCfg = Release|Any CPU
		{239B9976-0855-459F-8C79-A740D92A314E}.Release|Any CPU.Build.0 = Release|Any CPU
		{73A5C2C1-265C-4AD6-8116-A0EE87986629}.Debug|Any CPU.ActiveCfg = Debug|Any CPU
		{73A5C2C1-265C-4AD6-8116-A0EE87986629}.Debug|Any CPU.Build.0 = Debug|Any CPU
		{73A5C2C1-265C-4AD6-8116-A0EE87986629}.Release|Any CPU.ActiveCfg = Release|Any CPU
		{73A5C2C1-265C-4AD6-8116-A0EE87986629}.Release|Any CPU.Build.0 = Release|Any CPU
		{713E1495-EF5B-4836-AECF-83765B833A87}.Debug|Any CPU.ActiveCfg = Debug|Any CPU
		{713E1495-EF5B-4836-AECF-83765B833A87}.Debug|Any CPU.Build.0 = Debug|Any CPU
		{713E1495-EF5B-4836-AECF-83765B833A87}.Release|Any CPU.ActiveCfg = Release|Any CPU
		{713E1495-EF5B-4836-AECF-83765B833A87}.Release|Any CPU.Build.0 = Release|Any CPU
		{B4022DC5-28FF-4FE3-9DA8-8D5A562220B1}.Debug|Any CPU.ActiveCfg = Debug|Any CPU
		{B4022DC5-28FF-4FE3-9DA8-8D5A562220B1}.Debug|Any CPU.Build.0 = Debug|Any CPU
		{B4022DC5-28FF-4FE3-9DA8-8D5A562220B1}.Release|Any CPU.ActiveCfg = Release|Any CPU
		{B4022DC5-28FF-4FE3-9DA8-8D5A562220B1}.Release|Any CPU.Build.0 = Release|Any CPU
		{6BDDB15D-6A79-4646-8F51-45B1D1DA297F}.Debug|Any CPU.ActiveCfg = Debug|Any CPU
		{6BDDB15D-6A79-4646-8F51-45B1D1DA297F}.Debug|Any CPU.Build.0 = Debug|Any CPU
		{6BDDB15D-6A79-4646-8F51-45B1D1DA297F}.Release|Any CPU.ActiveCfg = Release|Any CPU
		{6BDDB15D-6A79-4646-8F51-45B1D1DA297F}.Release|Any CPU.Build.0 = Release|Any CPU
		{30B32A64-2FAD-4A59-AACE-8CCCCB01EE9A}.Debug|Any CPU.ActiveCfg = Debug|Any CPU
		{30B32A64-2FAD-4A59-AACE-8CCCCB01EE9A}.Debug|Any CPU.Build.0 = Debug|Any CPU
		{30B32A64-2FAD-4A59-AACE-8CCCCB01EE9A}.Release|Any CPU.ActiveCfg = Release|Any CPU
		{30B32A64-2FAD-4A59-AACE-8CCCCB01EE9A}.Release|Any CPU.Build.0 = Release|Any CPU
		{E041429C-3240-499D-BE99-461E615C8A70}.Debug|Any CPU.ActiveCfg = Debug|Any CPU
		{E041429C-3240-499D-BE99-461E615C8A70}.Debug|Any CPU.Build.0 = Debug|Any CPU
		{E041429C-3240-499D-BE99-461E615C8A70}.Release|Any CPU.ActiveCfg = Release|Any CPU
		{E041429C-3240-499D-BE99-461E615C8A70}.Release|Any CPU.Build.0 = Release|Any CPU
	EndGlobalSection
	GlobalSection(SolutionProperties) = preSolution
		HideSolutionNode = FALSE
	EndGlobalSection
	GlobalSection(NestedProjects) = preSolution
		{239B9976-0855-459F-8C79-A740D92A314E} = {BE8ED852-37BB-4B72-914C-7CCB7A65E4D5}
		{73A5C2C1-265C-4AD6-8116-A0EE87986629} = {BE8ED852-37BB-4B72-914C-7CCB7A65E4D5}
		{713E1495-EF5B-4836-AECF-83765B833A87} = {BE8ED852-37BB-4B72-914C-7CCB7A65E4D5}
		{B4022DC5-28FF-4FE3-9DA8-8D5A562220B1} = {BE8ED852-37BB-4B72-914C-7CCB7A65E4D5}
		{6BDDB15D-6A79-4646-8F51-45B1D1DA297F} = {B3C1605E-823F-41B2-B3E0-14A19E30F7FE}
		{30B32A64-2FAD-4A59-AACE-8CCCCB01EE9A} = {B3C1605E-823F-41B2-B3E0-14A19E30F7FE}
		{E041429C-3240-499D-BE99-461E615C8A70} = {B3C1605E-823F-41B2-B3E0-14A19E30F7FE}
	EndGlobalSection
EndGlobal
