
Microsoft Visual Studio Solution File, Format Version 12.00
# Visual Studio 2013
VisualStudioVersion = 12.0.31101.0
MinimumVisualStudioVersion = 10.0.40219.1
Project("{FAE04EC0-301F-11D3-BF4B-00C04F79EFBC}") = "ExpertOrderManagement", "ExpertOrderManagement\ExpertOrderManagement.csproj", "{239B9976-0855-459F-8C79-A740D92A314E}"
	ProjectSection(ProjectDependencies) = postProject
		{73A5C2C1-265C-4AD6-8116-A0EE87986629} = {73A5C2C1-265C-4AD6-8116-A0EE87986629}
	EndProjectSection
EndProject
Project("{FAE04EC0-301F-11D3-BF4B-00C04F79EFBC}") = "BusinessLogic", "BusinessLogic\BusinessLogic.csproj", "{73A5C2C1-265C-4AD6-8116-A0EE87986629}"
	ProjectSection(ProjectDependencies) = postProject
		{713E1495-EF5B-4836-AECF-83765B833A87} = {713E1495-EF5B-4836-AECF-83765B833A87}
	EndProjectSection
EndProject
Project("{FAE04EC0-301F-11D3-BF4B-00C04F79EFBC}") = "DataBase", "DataBase\DataBase.csproj", "{713E1495-EF5B-4836-AECF-83765B833A87}"
EndProject
Project("{FAE04EC0-301F-11D3-BF4B-00C04F79EFBC}") = "CommonLibraries", "CommonLibraries\CommonLibraries.csproj", "{B4022DC5-28FF-4FE3-9DA8-8D5A562220B1}"
EndProject
Project("{FAE04EC0-301F-11D3-BF4B-00C04F79EFBC}") = "OrderAdminPanel", "OrderAdminPanel\OrderAdminPanel.csproj", "{6BDDB15D-6A79-4646-8F51-45B1D1DA297F}"
	ProjectSection(ProjectDependencies) = postProject
		{30B32A64-2FAD-4A59-AACE-8CCCCB01EE9A} = {30B32A64-2FAD-4A59-AACE-8CCCCB01EE9A}
	EndProjectSection
EndProject
Project("{FAE04EC0-301F-11D3-BF4B-00C04F79EFBC}") = "Admin.BusinessLogic", "Admin.BusinessLogic\Admin.BusinessLogic.csproj", "{30B32A64-2FAD-4A59-AACE-8CCCCB01EE9A}"
	ProjectSection(ProjectDependencies) = postProject
		{E041429C-3240-499D-BE99-461E615C8A70} = {E041429C-3240-499D-BE99-461E615C8A70}
	EndProjectSection
EndProject
Project("{FAE04EC0-301F-11D3-BF4B-00C04F79EFBC}") = "Admin.DAL", "Admin.DAL\Admin.DAL.csproj", "{E041429C-3240-499D-BE99-461E615C8A70}"
EndProject
Project("{2150E333-8FDC-42A3-9474-1A3956D46DE8}") = "OrderAdminPanel", "OrderAdminPanel", "{B3C1605E-823F-41B2-B3E0-14A19E30F7FE}"
EndProject
Project("{2150E333-8FDC-42A3-9474-1A3956D46DE8}") = "OrderManagement", "OrderManagement", "{BE8ED852-37BB-4B72-914C-7CCB7A65E4D5}"
EndProject
Project("{2150E333-8FDC-42A3-9474-1A3956D46DE8}") = "MobileDistributorPanel", "MobileDistributorPanel", "{54B114B4-341D-46B3-90C4-373A561C17B5}"
EndProject
Project("{FAE04EC0-301F-11D3-BF4B-00C04F79EFBC}") = "Distributor.BusinessLogic", "Distributor.BusinessLogic\Distributor.BusinessLogic.csproj", "{F2B059D6-9E27-4580-8486-F19DBAAA8EBA}"
EndProject
Project("{FAE04EC0-301F-11D3-BF4B-00C04F79EFBC}") = "Distributor.DAL", "Distributor.DAL\Distributor.DAL.csproj", "{C01724FC-7996-4BCF-8DE2-B71944612FDC}"
EndProject
Project("{FAE04EC0-301F-11D3-BF4B-00C04F79EFBC}") = "ExpertDistributorApp", "ExpertDistributorApp\ExpertDistributorApp\ExpertDistributorApp.csproj", "{164C688D-8346-451D-85A4-F6277A7E3E44}"
EndProject
Global
	GlobalSection(SolutionConfigurationPlatforms) = preSolution
		Debug|Android = Debug|Android
		Debug|Any CPU = Debug|Any CPU
		Debug|iOS = Debug|iOS
		Debug|Mixed Platforms = Debug|Mixed Platforms
		Debug|Windows Phone (Universal) = Debug|Windows Phone (Universal)
		Debug|Windows Phone 8 = Debug|Windows Phone 8
		Debug|Windows-AnyCPU = Debug|Windows-AnyCPU
		Debug|Windows-ARM = Debug|Windows-ARM
		Debug|Windows-x64 = Debug|Windows-x64
		Debug|Windows-x86 = Debug|Windows-x86
		Distribution|Android = Distribution|Android
		Distribution|Any CPU = Distribution|Any CPU
		Distribution|iOS = Distribution|iOS
		Distribution|Mixed Platforms = Distribution|Mixed Platforms
		Distribution|Windows Phone (Universal) = Distribution|Windows Phone (Universal)
		Distribution|Windows Phone 8 = Distribution|Windows Phone 8
		Distribution|Windows-AnyCPU = Distribution|Windows-AnyCPU
		Distribution|Windows-ARM = Distribution|Windows-ARM
		Distribution|Windows-x64 = Distribution|Windows-x64
		Distribution|Windows-x86 = Distribution|Windows-x86
		Release|Android = Release|Android
		Release|Any CPU = Release|Any CPU
		Release|iOS = Release|iOS
		Release|Mixed Platforms = Release|Mixed Platforms
		Release|Windows Phone (Universal) = Release|Windows Phone (Universal)
		Release|Windows Phone 8 = Release|Windows Phone 8
		Release|Windows-AnyCPU = Release|Windows-AnyCPU
		Release|Windows-ARM = Release|Windows-ARM
		Release|Windows-x64 = Release|Windows-x64
		Release|Windows-x86 = Release|Windows-x86
	EndGlobalSection
	GlobalSection(ProjectConfigurationPlatforms) = postSolution
		{239B9976-0855-459F-8C79-A740D92A314E}.Debug|Android.ActiveCfg = Debug|Any CPU
		{239B9976-0855-459F-8C79-A740D92A314E}.Debug|Any CPU.ActiveCfg = Debug|Any CPU
		{239B9976-0855-459F-8C79-A740D92A314E}.Debug|Any CPU.Build.0 = Debug|Any CPU
		{239B9976-0855-459F-8C79-A740D92A314E}.Debug|iOS.ActiveCfg = Debug|Any CPU
		{239B9976-0855-459F-8C79-A740D92A314E}.Debug|Mixed Platforms.ActiveCfg = Debug|Any CPU
		{239B9976-0855-459F-8C79-A740D92A314E}.Debug|Mixed Platforms.Build.0 = Debug|Any CPU
		{239B9976-0855-459F-8C79-A740D92A314E}.Debug|Windows Phone (Universal).ActiveCfg = Debug|Any CPU
		{239B9976-0855-459F-8C79-A740D92A314E}.Debug|Windows Phone 8.ActiveCfg = Debug|Any CPU
		{239B9976-0855-459F-8C79-A740D92A314E}.Debug|Windows-AnyCPU.ActiveCfg = Debug|Any CPU
		{239B9976-0855-459F-8C79-A740D92A314E}.Debug|Windows-ARM.ActiveCfg = Debug|Any CPU
		{239B9976-0855-459F-8C79-A740D92A314E}.Debug|Windows-x64.ActiveCfg = Debug|Any CPU
		{239B9976-0855-459F-8C79-A740D92A314E}.Debug|Windows-x86.ActiveCfg = Debug|Any CPU
		{239B9976-0855-459F-8C79-A740D92A314E}.Distribution|Android.ActiveCfg = Debug|Any CPU
		{239B9976-0855-459F-8C79-A740D92A314E}.Distribution|Any CPU.ActiveCfg = Debug|Any CPU
		{239B9976-0855-459F-8C79-A740D92A314E}.Distribution|Any CPU.Build.0 = Debug|Any CPU
		{239B9976-0855-459F-8C79-A740D92A314E}.Distribution|iOS.ActiveCfg = Debug|Any CPU
		{239B9976-0855-459F-8C79-A740D92A314E}.Distribution|Mixed Platforms.ActiveCfg = Debug|Any CPU
		{239B9976-0855-459F-8C79-A740D92A314E}.Distribution|Mixed Platforms.Build.0 = Debug|Any CPU
		{239B9976-0855-459F-8C79-A740D92A314E}.Distribution|Windows Phone (Universal).ActiveCfg = Debug|Any CPU
		{239B9976-0855-459F-8C79-A740D92A314E}.Distribution|Windows Phone 8.ActiveCfg = Debug|Any CPU
		{239B9976-0855-459F-8C79-A740D92A314E}.Distribution|Windows-AnyCPU.ActiveCfg = Debug|Any CPU
		{239B9976-0855-459F-8C79-A740D92A314E}.Distribution|Windows-ARM.ActiveCfg = Debug|Any CPU
		{239B9976-0855-459F-8C79-A740D92A314E}.Distribution|Windows-x64.ActiveCfg = Debug|Any CPU
		{239B9976-0855-459F-8C79-A740D92A314E}.Distribution|Windows-x86.ActiveCfg = Debug|Any CPU
		{239B9976-0855-459F-8C79-A740D92A314E}.Release|Android.ActiveCfg = Release|Any CPU
		{239B9976-0855-459F-8C79-A740D92A314E}.Release|Any CPU.ActiveCfg = Release|Any CPU
		{239B9976-0855-459F-8C79-A740D92A314E}.Release|Any CPU.Build.0 = Release|Any CPU
		{239B9976-0855-459F-8C79-A740D92A314E}.Release|iOS.ActiveCfg = Release|Any CPU
		{239B9976-0855-459F-8C79-A740D92A314E}.Release|Mixed Platforms.ActiveCfg = Release|Any CPU
		{239B9976-0855-459F-8C79-A740D92A314E}.Release|Mixed Platforms.Build.0 = Release|Any CPU
		{239B9976-0855-459F-8C79-A740D92A314E}.Release|Windows Phone (Universal).ActiveCfg = Release|Any CPU
		{239B9976-0855-459F-8C79-A740D92A314E}.Release|Windows Phone 8.ActiveCfg = Release|Any CPU
		{239B9976-0855-459F-8C79-A740D92A314E}.Release|Windows-AnyCPU.ActiveCfg = Release|Any CPU
		{239B9976-0855-459F-8C79-A740D92A314E}.Release|Windows-ARM.ActiveCfg = Release|Any CPU
		{239B9976-0855-459F-8C79-A740D92A314E}.Release|Windows-x64.ActiveCfg = Release|Any CPU
		{239B9976-0855-459F-8C79-A740D92A314E}.Release|Windows-x86.ActiveCfg = Release|Any CPU
		{73A5C2C1-265C-4AD6-8116-A0EE87986629}.Debug|Android.ActiveCfg = Debug|Any CPU
		{73A5C2C1-265C-4AD6-8116-A0EE87986629}.Debug|Any CPU.ActiveCfg = Debug|Any CPU
		{73A5C2C1-265C-4AD6-8116-A0EE87986629}.Debug|Any CPU.Build.0 = Debug|Any CPU
		{73A5C2C1-265C-4AD6-8116-A0EE87986629}.Debug|iOS.ActiveCfg = Debug|Any CPU
		{73A5C2C1-265C-4AD6-8116-A0EE87986629}.Debug|Mixed Platforms.ActiveCfg = Debug|Any CPU
		{73A5C2C1-265C-4AD6-8116-A0EE87986629}.Debug|Mixed Platforms.Build.0 = Debug|Any CPU
		{73A5C2C1-265C-4AD6-8116-A0EE87986629}.Debug|Windows Phone (Universal).ActiveCfg = Debug|Any CPU
		{73A5C2C1-265C-4AD6-8116-A0EE87986629}.Debug|Windows Phone 8.ActiveCfg = Debug|Any CPU
		{73A5C2C1-265C-4AD6-8116-A0EE87986629}.Debug|Windows-AnyCPU.ActiveCfg = Debug|Any CPU
		{73A5C2C1-265C-4AD6-8116-A0EE87986629}.Debug|Windows-ARM.ActiveCfg = Debug|Any CPU
		{73A5C2C1-265C-4AD6-8116-A0EE87986629}.Debug|Windows-x64.ActiveCfg = Debug|Any CPU
		{73A5C2C1-265C-4AD6-8116-A0EE87986629}.Debug|Windows-x86.ActiveCfg = Debug|Any CPU
		{73A5C2C1-265C-4AD6-8116-A0EE87986629}.Distribution|Android.ActiveCfg = Debug|Any CPU
		{73A5C2C1-265C-4AD6-8116-A0EE87986629}.Distribution|Any CPU.ActiveCfg = Debug|Any CPU
		{73A5C2C1-265C-4AD6-8116-A0EE87986629}.Distribution|Any CPU.Build.0 = Debug|Any CPU
		{73A5C2C1-265C-4AD6-8116-A0EE87986629}.Distribution|iOS.ActiveCfg = Debug|Any CPU
		{73A5C2C1-265C-4AD6-8116-A0EE87986629}.Distribution|Mixed Platforms.ActiveCfg = Debug|Any CPU
		{73A5C2C1-265C-4AD6-8116-A0EE87986629}.Distribution|Mixed Platforms.Build.0 = Debug|Any CPU
		{73A5C2C1-265C-4AD6-8116-A0EE87986629}.Distribution|Windows Phone (Universal).ActiveCfg = Debug|Any CPU
		{73A5C2C1-265C-4AD6-8116-A0EE87986629}.Distribution|Windows Phone 8.ActiveCfg = Debug|Any CPU
		{73A5C2C1-265C-4AD6-8116-A0EE87986629}.Distribution|Windows-AnyCPU.ActiveCfg = Debug|Any CPU
		{73A5C2C1-265C-4AD6-8116-A0EE87986629}.Distribution|Windows-ARM.ActiveCfg = Debug|Any CPU
		{73A5C2C1-265C-4AD6-8116-A0EE87986629}.Distribution|Windows-x64.ActiveCfg = Debug|Any CPU
		{73A5C2C1-265C-4AD6-8116-A0EE87986629}.Distribution|Windows-x86.ActiveCfg = Debug|Any CPU
		{73A5C2C1-265C-4AD6-8116-A0EE87986629}.Release|Android.ActiveCfg = Release|Any CPU
		{73A5C2C1-265C-4AD6-8116-A0EE87986629}.Release|Any CPU.ActiveCfg = Release|Any CPU
		{73A5C2C1-265C-4AD6-8116-A0EE87986629}.Release|Any CPU.Build.0 = Release|Any CPU
		{73A5C2C1-265C-4AD6-8116-A0EE87986629}.Release|iOS.ActiveCfg = Release|Any CPU
		{73A5C2C1-265C-4AD6-8116-A0EE87986629}.Release|Mixed Platforms.ActiveCfg = Release|Any CPU
		{73A5C2C1-265C-4AD6-8116-A0EE87986629}.Release|Mixed Platforms.Build.0 = Release|Any CPU
		{73A5C2C1-265C-4AD6-8116-A0EE87986629}.Release|Windows Phone (Universal).ActiveCfg = Release|Any CPU
		{73A5C2C1-265C-4AD6-8116-A0EE87986629}.Release|Windows Phone 8.ActiveCfg = Release|Any CPU
		{73A5C2C1-265C-4AD6-8116-A0EE87986629}.Release|Windows-AnyCPU.ActiveCfg = Release|Any CPU
		{73A5C2C1-265C-4AD6-8116-A0EE87986629}.Release|Windows-ARM.ActiveCfg = Release|Any CPU
		{73A5C2C1-265C-4AD6-8116-A0EE87986629}.Release|Windows-x64.ActiveCfg = Release|Any CPU
		{73A5C2C1-265C-4AD6-8116-A0EE87986629}.Release|Windows-x86.ActiveCfg = Release|Any CPU
		{713E1495-EF5B-4836-AECF-83765B833A87}.Debug|Android.ActiveCfg = Debug|Any CPU
		{713E1495-EF5B-4836-AECF-83765B833A87}.Debug|Any CPU.ActiveCfg = Debug|Any CPU
		{713E1495-EF5B-4836-AECF-83765B833A87}.Debug|Any CPU.Build.0 = Debug|Any CPU
		{713E1495-EF5B-4836-AECF-83765B833A87}.Debug|iOS.ActiveCfg = Debug|Any CPU
		{713E1495-EF5B-4836-AECF-83765B833A87}.Debug|Mixed Platforms.ActiveCfg = Debug|Any CPU
		{713E1495-EF5B-4836-AECF-83765B833A87}.Debug|Mixed Platforms.Build.0 = Debug|Any CPU
		{713E1495-EF5B-4836-AECF-83765B833A87}.Debug|Windows Phone (Universal).ActiveCfg = Debug|Any CPU
		{713E1495-EF5B-4836-AECF-83765B833A87}.Debug|Windows Phone 8.ActiveCfg = Debug|Any CPU
		{713E1495-EF5B-4836-AECF-83765B833A87}.Debug|Windows-AnyCPU.ActiveCfg = Debug|Any CPU
		{713E1495-EF5B-4836-AECF-83765B833A87}.Debug|Windows-ARM.ActiveCfg = Debug|Any CPU
		{713E1495-EF5B-4836-AECF-83765B833A87}.Debug|Windows-x64.ActiveCfg = Debug|Any CPU
		{713E1495-EF5B-4836-AECF-83765B833A87}.Debug|Windows-x86.ActiveCfg = Debug|Any CPU
		{713E1495-EF5B-4836-AECF-83765B833A87}.Distribution|Android.ActiveCfg = Debug|Any CPU
		{713E1495-EF5B-4836-AECF-83765B833A87}.Distribution|Any CPU.ActiveCfg = Debug|Any CPU
		{713E1495-EF5B-4836-AECF-83765B833A87}.Distribution|Any CPU.Build.0 = Debug|Any CPU
		{713E1495-EF5B-4836-AECF-83765B833A87}.Distribution|iOS.ActiveCfg = Debug|Any CPU
		{713E1495-EF5B-4836-AECF-83765B833A87}.Distribution|Mixed Platforms.ActiveCfg = Debug|Any CPU
		{713E1495-EF5B-4836-AECF-83765B833A87}.Distribution|Mixed Platforms.Build.0 = Debug|Any CPU
		{713E1495-EF5B-4836-AECF-83765B833A87}.Distribution|Windows Phone (Universal).ActiveCfg = Debug|Any CPU
		{713E1495-EF5B-4836-AECF-83765B833A87}.Distribution|Windows Phone 8.ActiveCfg = Debug|Any CPU
		{713E1495-EF5B-4836-AECF-83765B833A87}.Distribution|Windows-AnyCPU.ActiveCfg = Debug|Any CPU
		{713E1495-EF5B-4836-AECF-83765B833A87}.Distribution|Windows-ARM.ActiveCfg = Debug|Any CPU
		{713E1495-EF5B-4836-AECF-83765B833A87}.Distribution|Windows-x64.ActiveCfg = Debug|Any CPU
		{713E1495-EF5B-4836-AECF-83765B833A87}.Distribution|Windows-x86.ActiveCfg = Debug|Any CPU
		{713E1495-EF5B-4836-AECF-83765B833A87}.Release|Android.ActiveCfg = Release|Any CPU
		{713E1495-EF5B-4836-AECF-83765B833A87}.Release|Any CPU.ActiveCfg = Release|Any CPU
		{713E1495-EF5B-4836-AECF-83765B833A87}.Release|Any CPU.Build.0 = Release|Any CPU
		{713E1495-EF5B-4836-AECF-83765B833A87}.Release|iOS.ActiveCfg = Release|Any CPU
		{713E1495-EF5B-4836-AECF-83765B833A87}.Release|Mixed Platforms.ActiveCfg = Release|Any CPU
		{713E1495-EF5B-4836-AECF-83765B833A87}.Release|Mixed Platforms.Build.0 = Release|Any CPU
		{713E1495-EF5B-4836-AECF-83765B833A87}.Release|Windows Phone (Universal).ActiveCfg = Release|Any CPU
		{713E1495-EF5B-4836-AECF-83765B833A87}.Release|Windows Phone 8.ActiveCfg = Release|Any CPU
		{713E1495-EF5B-4836-AECF-83765B833A87}.Release|Windows-AnyCPU.ActiveCfg = Release|Any CPU
		{713E1495-EF5B-4836-AECF-83765B833A87}.Release|Windows-ARM.ActiveCfg = Release|Any CPU
		{713E1495-EF5B-4836-AECF-83765B833A87}.Release|Windows-x64.ActiveCfg = Release|Any CPU
		{713E1495-EF5B-4836-AECF-83765B833A87}.Release|Windows-x86.ActiveCfg = Release|Any CPU
		{B4022DC5-28FF-4FE3-9DA8-8D5A562220B1}.Debug|Android.ActiveCfg = Debug|Any CPU
		{B4022DC5-28FF-4FE3-9DA8-8D5A562220B1}.Debug|Any CPU.ActiveCfg = Debug|Any CPU
		{B4022DC5-28FF-4FE3-9DA8-8D5A562220B1}.Debug|Any CPU.Build.0 = Debug|Any CPU
		{B4022DC5-28FF-4FE3-9DA8-8D5A562220B1}.Debug|iOS.ActiveCfg = Debug|Any CPU
		{B4022DC5-28FF-4FE3-9DA8-8D5A562220B1}.Debug|Mixed Platforms.ActiveCfg = Debug|Any CPU
		{B4022DC5-28FF-4FE3-9DA8-8D5A562220B1}.Debug|Mixed Platforms.Build.0 = Debug|Any CPU
		{B4022DC5-28FF-4FE3-9DA8-8D5A562220B1}.Debug|Windows Phone (Universal).ActiveCfg = Debug|Any CPU
		{B4022DC5-28FF-4FE3-9DA8-8D5A562220B1}.Debug|Windows Phone 8.ActiveCfg = Debug|Any CPU
		{B4022DC5-28FF-4FE3-9DA8-8D5A562220B1}.Debug|Windows-AnyCPU.ActiveCfg = Debug|Any CPU
		{B4022DC5-28FF-4FE3-9DA8-8D5A562220B1}.Debug|Windows-ARM.ActiveCfg = Debug|Any CPU
		{B4022DC5-28FF-4FE3-9DA8-8D5A562220B1}.Debug|Windows-x64.ActiveCfg = Debug|Any CPU
		{B4022DC5-28FF-4FE3-9DA8-8D5A562220B1}.Debug|Windows-x86.ActiveCfg = Debug|Any CPU
		{B4022DC5-28FF-4FE3-9DA8-8D5A562220B1}.Distribution|Android.ActiveCfg = Debug|Any CPU
		{B4022DC5-28FF-4FE3-9DA8-8D5A562220B1}.Distribution|Any CPU.ActiveCfg = Debug|Any CPU
		{B4022DC5-28FF-4FE3-9DA8-8D5A562220B1}.Distribution|Any CPU.Build.0 = Debug|Any CPU
		{B4022DC5-28FF-4FE3-9DA8-8D5A562220B1}.Distribution|iOS.ActiveCfg = Debug|Any CPU
		{B4022DC5-28FF-4FE3-9DA8-8D5A562220B1}.Distribution|Mixed Platforms.ActiveCfg = Debug|Any CPU
		{B4022DC5-28FF-4FE3-9DA8-8D5A562220B1}.Distribution|Mixed Platforms.Build.0 = Debug|Any CPU
		{B4022DC5-28FF-4FE3-9DA8-8D5A562220B1}.Distribution|Windows Phone (Universal).ActiveCfg = Debug|Any CPU
		{B4022DC5-28FF-4FE3-9DA8-8D5A562220B1}.Distribution|Windows Phone 8.ActiveCfg = Debug|Any CPU
		{B4022DC5-28FF-4FE3-9DA8-8D5A562220B1}.Distribution|Windows-AnyCPU.ActiveCfg = Debug|Any CPU
		{B4022DC5-28FF-4FE3-9DA8-8D5A562220B1}.Distribution|Windows-ARM.ActiveCfg = Debug|Any CPU
		{B4022DC5-28FF-4FE3-9DA8-8D5A562220B1}.Distribution|Windows-x64.ActiveCfg = Debug|Any CPU
		{B4022DC5-28FF-4FE3-9DA8-8D5A562220B1}.Distribution|Windows-x86.ActiveCfg = Debug|Any CPU
		{B4022DC5-28FF-4FE3-9DA8-8D5A562220B1}.Release|Android.ActiveCfg = Release|Any CPU
		{B4022DC5-28FF-4FE3-9DA8-8D5A562220B1}.Release|Any CPU.ActiveCfg = Release|Any CPU
		{B4022DC5-28FF-4FE3-9DA8-8D5A562220B1}.Release|Any CPU.Build.0 = Release|Any CPU
		{B4022DC5-28FF-4FE3-9DA8-8D5A562220B1}.Release|iOS.ActiveCfg = Release|Any CPU
		{B4022DC5-28FF-4FE3-9DA8-8D5A562220B1}.Release|Mixed Platforms.ActiveCfg = Release|Any CPU
		{B4022DC5-28FF-4FE3-9DA8-8D5A562220B1}.Release|Mixed Platforms.Build.0 = Release|Any CPU
		{B4022DC5-28FF-4FE3-9DA8-8D5A562220B1}.Release|Windows Phone (Universal).ActiveCfg = Release|Any CPU
		{B4022DC5-28FF-4FE3-9DA8-8D5A562220B1}.Release|Windows Phone 8.ActiveCfg = Release|Any CPU
		{B4022DC5-28FF-4FE3-9DA8-8D5A562220B1}.Release|Windows-AnyCPU.ActiveCfg = Release|Any CPU
		{B4022DC5-28FF-4FE3-9DA8-8D5A562220B1}.Release|Windows-ARM.ActiveCfg = Release|Any CPU
		{B4022DC5-28FF-4FE3-9DA8-8D5A562220B1}.Release|Windows-x64.ActiveCfg = Release|Any CPU
		{B4022DC5-28FF-4FE3-9DA8-8D5A562220B1}.Release|Windows-x86.ActiveCfg = Release|Any CPU
		{6BDDB15D-6A79-4646-8F51-45B1D1DA297F}.Debug|Android.ActiveCfg = Debug|Any CPU
		{6BDDB15D-6A79-4646-8F51-45B1D1DA297F}.Debug|Any CPU.ActiveCfg = Debug|Any CPU
		{6BDDB15D-6A79-4646-8F51-45B1D1DA297F}.Debug|Any CPU.Build.0 = Debug|Any CPU
		{6BDDB15D-6A79-4646-8F51-45B1D1DA297F}.Debug|iOS.ActiveCfg = Debug|Any CPU
		{6BDDB15D-6A79-4646-8F51-45B1D1DA297F}.Debug|Mixed Platforms.ActiveCfg = Debug|Any CPU
		{6BDDB15D-6A79-4646-8F51-45B1D1DA297F}.Debug|Mixed Platforms.Build.0 = Debug|Any CPU
		{6BDDB15D-6A79-4646-8F51-45B1D1DA297F}.Debug|Windows Phone (Universal).ActiveCfg = Debug|Any CPU
		{6BDDB15D-6A79-4646-8F51-45B1D1DA297F}.Debug|Windows Phone 8.ActiveCfg = Debug|Any CPU
		{6BDDB15D-6A79-4646-8F51-45B1D1DA297F}.Debug|Windows-AnyCPU.ActiveCfg = Debug|Any CPU
		{6BDDB15D-6A79-4646-8F51-45B1D1DA297F}.Debug|Windows-ARM.ActiveCfg = Debug|Any CPU
		{6BDDB15D-6A79-4646-8F51-45B1D1DA297F}.Debug|Windows-x64.ActiveCfg = Debug|Any CPU
		{6BDDB15D-6A79-4646-8F51-45B1D1DA297F}.Debug|Windows-x86.ActiveCfg = Debug|Any CPU
		{6BDDB15D-6A79-4646-8F51-45B1D1DA297F}.Distribution|Android.ActiveCfg = Debug|Any CPU
		{6BDDB15D-6A79-4646-8F51-45B1D1DA297F}.Distribution|Any CPU.ActiveCfg = Debug|Any CPU
		{6BDDB15D-6A79-4646-8F51-45B1D1DA297F}.Distribution|Any CPU.Build.0 = Debug|Any CPU
		{6BDDB15D-6A79-4646-8F51-45B1D1DA297F}.Distribution|iOS.ActiveCfg = Debug|Any CPU
		{6BDDB15D-6A79-4646-8F51-45B1D1DA297F}.Distribution|Mixed Platforms.ActiveCfg = Debug|Any CPU
		{6BDDB15D-6A79-4646-8F51-45B1D1DA297F}.Distribution|Mixed Platforms.Build.0 = Debug|Any CPU
		{6BDDB15D-6A79-4646-8F51-45B1D1DA297F}.Distribution|Windows Phone (Universal).ActiveCfg = Debug|Any CPU
		{6BDDB15D-6A79-4646-8F51-45B1D1DA297F}.Distribution|Windows Phone 8.ActiveCfg = Debug|Any CPU
		{6BDDB15D-6A79-4646-8F51-45B1D1DA297F}.Distribution|Windows-AnyCPU.ActiveCfg = Debug|Any CPU
		{6BDDB15D-6A79-4646-8F51-45B1D1DA297F}.Distribution|Windows-ARM.ActiveCfg = Debug|Any CPU
		{6BDDB15D-6A79-4646-8F51-45B1D1DA297F}.Distribution|Windows-x64.ActiveCfg = Debug|Any CPU
		{6BDDB15D-6A79-4646-8F51-45B1D1DA297F}.Distribution|Windows-x86.ActiveCfg = Debug|Any CPU
		{6BDDB15D-6A79-4646-8F51-45B1D1DA297F}.Release|Android.ActiveCfg = Release|Any CPU
		{6BDDB15D-6A79-4646-8F51-45B1D1DA297F}.Release|Any CPU.ActiveCfg = Release|Any CPU
		{6BDDB15D-6A79-4646-8F51-45B1D1DA297F}.Release|Any CPU.Build.0 = Release|Any CPU
		{6BDDB15D-6A79-4646-8F51-45B1D1DA297F}.Release|iOS.ActiveCfg = Release|Any CPU
		{6BDDB15D-6A79-4646-8F51-45B1D1DA297F}.Release|Mixed Platforms.ActiveCfg = Release|Any CPU
		{6BDDB15D-6A79-4646-8F51-45B1D1DA297F}.Release|Mixed Platforms.Build.0 = Release|Any CPU
		{6BDDB15D-6A79-4646-8F51-45B1D1DA297F}.Release|Windows Phone (Universal).ActiveCfg = Release|Any CPU
		{6BDDB15D-6A79-4646-8F51-45B1D1DA297F}.Release|Windows Phone 8.ActiveCfg = Release|Any CPU
		{6BDDB15D-6A79-4646-8F51-45B1D1DA297F}.Release|Windows-AnyCPU.ActiveCfg = Release|Any CPU
		{6BDDB15D-6A79-4646-8F51-45B1D1DA297F}.Release|Windows-ARM.ActiveCfg = Release|Any CPU
		{6BDDB15D-6A79-4646-8F51-45B1D1DA297F}.Release|Windows-x64.ActiveCfg = Release|Any CPU
		{6BDDB15D-6A79-4646-8F51-45B1D1DA297F}.Release|Windows-x86.ActiveCfg = Release|Any CPU
		{30B32A64-2FAD-4A59-AACE-8CCCCB01EE9A}.Debug|Android.ActiveCfg = Debug|Any CPU
		{30B32A64-2FAD-4A59-AACE-8CCCCB01EE9A}.Debug|Any CPU.ActiveCfg = Debug|Any CPU
		{30B32A64-2FAD-4A59-AACE-8CCCCB01EE9A}.Debug|Any CPU.Build.0 = Debug|Any CPU
		{30B32A64-2FAD-4A59-AACE-8CCCCB01EE9A}.Debug|iOS.ActiveCfg = Debug|Any CPU
		{30B32A64-2FAD-4A59-AACE-8CCCCB01EE9A}.Debug|Mixed Platforms.ActiveCfg = Debug|Any CPU
		{30B32A64-2FAD-4A59-AACE-8CCCCB01EE9A}.Debug|Mixed Platforms.Build.0 = Debug|Any CPU
		{30B32A64-2FAD-4A59-AACE-8CCCCB01EE9A}.Debug|Windows Phone (Universal).ActiveCfg = Debug|Any CPU
		{30B32A64-2FAD-4A59-AACE-8CCCCB01EE9A}.Debug|Windows Phone 8.ActiveCfg = Debug|Any CPU
		{30B32A64-2FAD-4A59-AACE-8CCCCB01EE9A}.Debug|Windows-AnyCPU.ActiveCfg = Debug|Any CPU
		{30B32A64-2FAD-4A59-AACE-8CCCCB01EE9A}.Debug|Windows-ARM.ActiveCfg = Debug|Any CPU
		{30B32A64-2FAD-4A59-AACE-8CCCCB01EE9A}.Debug|Windows-x64.ActiveCfg = Debug|Any CPU
		{30B32A64-2FAD-4A59-AACE-8CCCCB01EE9A}.Debug|Windows-x86.ActiveCfg = Debug|Any CPU
		{30B32A64-2FAD-4A59-AACE-8CCCCB01EE9A}.Distribution|Android.ActiveCfg = Debug|Any CPU
		{30B32A64-2FAD-4A59-AACE-8CCCCB01EE9A}.Distribution|Any CPU.ActiveCfg = Debug|Any CPU
		{30B32A64-2FAD-4A59-AACE-8CCCCB01EE9A}.Distribution|Any CPU.Build.0 = Debug|Any CPU
		{30B32A64-2FAD-4A59-AACE-8CCCCB01EE9A}.Distribution|iOS.ActiveCfg = Debug|Any CPU
		{30B32A64-2FAD-4A59-AACE-8CCCCB01EE9A}.Distribution|Mixed Platforms.ActiveCfg = Debug|Any CPU
		{30B32A64-2FAD-4A59-AACE-8CCCCB01EE9A}.Distribution|Mixed Platforms.Build.0 = Debug|Any CPU
		{30B32A64-2FAD-4A59-AACE-8CCCCB01EE9A}.Distribution|Windows Phone (Universal).ActiveCfg = Debug|Any CPU
		{30B32A64-2FAD-4A59-AACE-8CCCCB01EE9A}.Distribution|Windows Phone 8.ActiveCfg = Debug|Any CPU
		{30B32A64-2FAD-4A59-AACE-8CCCCB01EE9A}.Distribution|Windows-AnyCPU.ActiveCfg = Debug|Any CPU
		{30B32A64-2FAD-4A59-AACE-8CCCCB01EE9A}.Distribution|Windows-ARM.ActiveCfg = Debug|Any CPU
		{30B32A64-2FAD-4A59-AACE-8CCCCB01EE9A}.Distribution|Windows-x64.ActiveCfg = Debug|Any CPU
		{30B32A64-2FAD-4A59-AACE-8CCCCB01EE9A}.Distribution|Windows-x86.ActiveCfg = Debug|Any CPU
		{30B32A64-2FAD-4A59-AACE-8CCCCB01EE9A}.Release|Android.ActiveCfg = Release|Any CPU
		{30B32A64-2FAD-4A59-AACE-8CCCCB01EE9A}.Release|Any CPU.ActiveCfg = Release|Any CPU
		{30B32A64-2FAD-4A59-AACE-8CCCCB01EE9A}.Release|Any CPU.Build.0 = Release|Any CPU
		{30B32A64-2FAD-4A59-AACE-8CCCCB01EE9A}.Release|iOS.ActiveCfg = Release|Any CPU
		{30B32A64-2FAD-4A59-AACE-8CCCCB01EE9A}.Release|Mixed Platforms.ActiveCfg = Release|Any CPU
		{30B32A64-2FAD-4A59-AACE-8CCCCB01EE9A}.Release|Mixed Platforms.Build.0 = Release|Any CPU
		{30B32A64-2FAD-4A59-AACE-8CCCCB01EE9A}.Release|Windows Phone (Universal).ActiveCfg = Release|Any CPU
		{30B32A64-2FAD-4A59-AACE-8CCCCB01EE9A}.Release|Windows Phone 8.ActiveCfg = Release|Any CPU
		{30B32A64-2FAD-4A59-AACE-8CCCCB01EE9A}.Release|Windows-AnyCPU.ActiveCfg = Release|Any CPU
		{30B32A64-2FAD-4A59-AACE-8CCCCB01EE9A}.Release|Windows-ARM.ActiveCfg = Release|Any CPU
		{30B32A64-2FAD-4A59-AACE-8CCCCB01EE9A}.Release|Windows-x64.ActiveCfg = Release|Any CPU
		{30B32A64-2FAD-4A59-AACE-8CCCCB01EE9A}.Release|Windows-x86.ActiveCfg = Release|Any CPU
		{E041429C-3240-499D-BE99-461E615C8A70}.Debug|Android.ActiveCfg = Debug|Any CPU
		{E041429C-3240-499D-BE99-461E615C8A70}.Debug|Any CPU.ActiveCfg = Debug|Any CPU
		{E041429C-3240-499D-BE99-461E615C8A70}.Debug|Any CPU.Build.0 = Debug|Any CPU
		{E041429C-3240-499D-BE99-461E615C8A70}.Debug|iOS.ActiveCfg = Debug|Any CPU
		{E041429C-3240-499D-BE99-461E615C8A70}.Debug|Mixed Platforms.ActiveCfg = Debug|Any CPU
		{E041429C-3240-499D-BE99-461E615C8A70}.Debug|Mixed Platforms.Build.0 = Debug|Any CPU
		{E041429C-3240-499D-BE99-461E615C8A70}.Debug|Windows Phone (Universal).ActiveCfg = Debug|Any CPU
		{E041429C-3240-499D-BE99-461E615C8A70}.Debug|Windows Phone 8.ActiveCfg = Debug|Any CPU
		{E041429C-3240-499D-BE99-461E615C8A70}.Debug|Windows-AnyCPU.ActiveCfg = Debug|Any CPU
		{E041429C-3240-499D-BE99-461E615C8A70}.Debug|Windows-ARM.ActiveCfg = Debug|Any CPU
		{E041429C-3240-499D-BE99-461E615C8A70}.Debug|Windows-x64.ActiveCfg = Debug|Any CPU
		{E041429C-3240-499D-BE99-461E615C8A70}.Debug|Windows-x86.ActiveCfg = Debug|Any CPU
		{E041429C-3240-499D-BE99-461E615C8A70}.Distribution|Android.ActiveCfg = Debug|Any CPU
		{E041429C-3240-499D-BE99-461E615C8A70}.Distribution|Any CPU.ActiveCfg = Debug|Any CPU
		{E041429C-3240-499D-BE99-461E615C8A70}.Distribution|Any CPU.Build.0 = Debug|Any CPU
		{E041429C-3240-499D-BE99-461E615C8A70}.Distribution|iOS.ActiveCfg = Debug|Any CPU
		{E041429C-3240-499D-BE99-461E615C8A70}.Distribution|Mixed Platforms.ActiveCfg = Debug|Any CPU
		{E041429C-3240-499D-BE99-461E615C8A70}.Distribution|Mixed Platforms.Build.0 = Debug|Any CPU
		{E041429C-3240-499D-BE99-461E615C8A70}.Distribution|Windows Phone (Universal).ActiveCfg = Debug|Any CPU
		{E041429C-3240-499D-BE99-461E615C8A70}.Distribution|Windows Phone 8.ActiveCfg = Debug|Any CPU
		{E041429C-3240-499D-BE99-461E615C8A70}.Distribution|Windows-AnyCPU.ActiveCfg = Debug|Any CPU
		{E041429C-3240-499D-BE99-461E615C8A70}.Distribution|Windows-ARM.ActiveCfg = Debug|Any CPU
		{E041429C-3240-499D-BE99-461E615C8A70}.Distribution|Windows-x64.ActiveCfg = Debug|Any CPU
		{E041429C-3240-499D-BE99-461E615C8A70}.Distribution|Windows-x86.ActiveCfg = Debug|Any CPU
		{E041429C-3240-499D-BE99-461E615C8A70}.Release|Android.ActiveCfg = Release|Any CPU
		{E041429C-3240-499D-BE99-461E615C8A70}.Release|Any CPU.ActiveCfg = Release|Any CPU
		{E041429C-3240-499D-BE99-461E615C8A70}.Release|Any CPU.Build.0 = Release|Any CPU
		{E041429C-3240-499D-BE99-461E615C8A70}.Release|iOS.ActiveCfg = Release|Any CPU
		{E041429C-3240-499D-BE99-461E615C8A70}.Release|Mixed Platforms.ActiveCfg = Release|Any CPU
		{E041429C-3240-499D-BE99-461E615C8A70}.Release|Mixed Platforms.Build.0 = Release|Any CPU
		{E041429C-3240-499D-BE99-461E615C8A70}.Release|Windows Phone (Universal).ActiveCfg = Release|Any CPU
		{E041429C-3240-499D-BE99-461E615C8A70}.Release|Windows Phone 8.ActiveCfg = Release|Any CPU
		{E041429C-3240-499D-BE99-461E615C8A70}.Release|Windows-AnyCPU.ActiveCfg = Release|Any CPU
		{E041429C-3240-499D-BE99-461E615C8A70}.Release|Windows-ARM.ActiveCfg = Release|Any CPU
		{E041429C-3240-499D-BE99-461E615C8A70}.Release|Windows-x64.ActiveCfg = Release|Any CPU
		{E041429C-3240-499D-BE99-461E615C8A70}.Release|Windows-x86.ActiveCfg = Release|Any CPU
		{F2B059D6-9E27-4580-8486-F19DBAAA8EBA}.Debug|Android.ActiveCfg = Debug|Any CPU
		{F2B059D6-9E27-4580-8486-F19DBAAA8EBA}.Debug|Any CPU.ActiveCfg = Debug|Any CPU
		{F2B059D6-9E27-4580-8486-F19DBAAA8EBA}.Debug|Any CPU.Build.0 = Debug|Any CPU
		{F2B059D6-9E27-4580-8486-F19DBAAA8EBA}.Debug|iOS.ActiveCfg = Debug|Any CPU
		{F2B059D6-9E27-4580-8486-F19DBAAA8EBA}.Debug|Mixed Platforms.ActiveCfg = Debug|Any CPU
		{F2B059D6-9E27-4580-8486-F19DBAAA8EBA}.Debug|Mixed Platforms.Build.0 = Debug|Any CPU
		{F2B059D6-9E27-4580-8486-F19DBAAA8EBA}.Debug|Windows Phone (Universal).ActiveCfg = Debug|Any CPU
		{F2B059D6-9E27-4580-8486-F19DBAAA8EBA}.Debug|Windows Phone 8.ActiveCfg = Debug|Any CPU
		{F2B059D6-9E27-4580-8486-F19DBAAA8EBA}.Debug|Windows-AnyCPU.ActiveCfg = Debug|Any CPU
		{F2B059D6-9E27-4580-8486-F19DBAAA8EBA}.Debug|Windows-ARM.ActiveCfg = Debug|Any CPU
		{F2B059D6-9E27-4580-8486-F19DBAAA8EBA}.Debug|Windows-x64.ActiveCfg = Debug|Any CPU
		{F2B059D6-9E27-4580-8486-F19DBAAA8EBA}.Debug|Windows-x86.ActiveCfg = Debug|Any CPU
		{F2B059D6-9E27-4580-8486-F19DBAAA8EBA}.Distribution|Android.ActiveCfg = Debug|Any CPU
		{F2B059D6-9E27-4580-8486-F19DBAAA8EBA}.Distribution|Any CPU.ActiveCfg = Debug|Any CPU
		{F2B059D6-9E27-4580-8486-F19DBAAA8EBA}.Distribution|Any CPU.Build.0 = Debug|Any CPU
		{F2B059D6-9E27-4580-8486-F19DBAAA8EBA}.Distribution|iOS.ActiveCfg = Debug|Any CPU
		{F2B059D6-9E27-4580-8486-F19DBAAA8EBA}.Distribution|Mixed Platforms.ActiveCfg = Debug|Any CPU
		{F2B059D6-9E27-4580-8486-F19DBAAA8EBA}.Distribution|Mixed Platforms.Build.0 = Debug|Any CPU
		{F2B059D6-9E27-4580-8486-F19DBAAA8EBA}.Distribution|Windows Phone (Universal).ActiveCfg = Debug|Any CPU
		{F2B059D6-9E27-4580-8486-F19DBAAA8EBA}.Distribution|Windows Phone 8.ActiveCfg = Debug|Any CPU
		{F2B059D6-9E27-4580-8486-F19DBAAA8EBA}.Distribution|Windows-AnyCPU.ActiveCfg = Debug|Any CPU
		{F2B059D6-9E27-4580-8486-F19DBAAA8EBA}.Distribution|Windows-ARM.ActiveCfg = Debug|Any CPU
		{F2B059D6-9E27-4580-8486-F19DBAAA8EBA}.Distribution|Windows-x64.ActiveCfg = Debug|Any CPU
		{F2B059D6-9E27-4580-8486-F19DBAAA8EBA}.Distribution|Windows-x86.ActiveCfg = Debug|Any CPU
		{F2B059D6-9E27-4580-8486-F19DBAAA8EBA}.Release|Android.ActiveCfg = Release|Any CPU
		{F2B059D6-9E27-4580-8486-F19DBAAA8EBA}.Release|Any CPU.ActiveCfg = Release|Any CPU
		{F2B059D6-9E27-4580-8486-F19DBAAA8EBA}.Release|Any CPU.Build.0 = Release|Any CPU
		{F2B059D6-9E27-4580-8486-F19DBAAA8EBA}.Release|iOS.ActiveCfg = Release|Any CPU
		{F2B059D6-9E27-4580-8486-F19DBAAA8EBA}.Release|Mixed Platforms.ActiveCfg = Release|Any CPU
		{F2B059D6-9E27-4580-8486-F19DBAAA8EBA}.Release|Mixed Platforms.Build.0 = Release|Any CPU
		{F2B059D6-9E27-4580-8486-F19DBAAA8EBA}.Release|Windows Phone (Universal).ActiveCfg = Release|Any CPU
		{F2B059D6-9E27-4580-8486-F19DBAAA8EBA}.Release|Windows Phone 8.ActiveCfg = Release|Any CPU
		{F2B059D6-9E27-4580-8486-F19DBAAA8EBA}.Release|Windows-AnyCPU.ActiveCfg = Release|Any CPU
		{F2B059D6-9E27-4580-8486-F19DBAAA8EBA}.Release|Windows-ARM.ActiveCfg = Release|Any CPU
		{F2B059D6-9E27-4580-8486-F19DBAAA8EBA}.Release|Windows-x64.ActiveCfg = Release|Any CPU
		{F2B059D6-9E27-4580-8486-F19DBAAA8EBA}.Release|Windows-x86.ActiveCfg = Release|Any CPU
		{C01724FC-7996-4BCF-8DE2-B71944612FDC}.Debug|Android.ActiveCfg = Debug|Any CPU
		{C01724FC-7996-4BCF-8DE2-B71944612FDC}.Debug|Any CPU.ActiveCfg = Debug|Any CPU
		{C01724FC-7996-4BCF-8DE2-B71944612FDC}.Debug|Any CPU.Build.0 = Debug|Any CPU
		{C01724FC-7996-4BCF-8DE2-B71944612FDC}.Debug|iOS.ActiveCfg = Debug|Any CPU
		{C01724FC-7996-4BCF-8DE2-B71944612FDC}.Debug|Mixed Platforms.ActiveCfg = Debug|Any CPU
		{C01724FC-7996-4BCF-8DE2-B71944612FDC}.Debug|Mixed Platforms.Build.0 = Debug|Any CPU
		{C01724FC-7996-4BCF-8DE2-B71944612FDC}.Debug|Windows Phone (Universal).ActiveCfg = Debug|Any CPU
		{C01724FC-7996-4BCF-8DE2-B71944612FDC}.Debug|Windows Phone 8.ActiveCfg = Debug|Any CPU
		{C01724FC-7996-4BCF-8DE2-B71944612FDC}.Debug|Windows-AnyCPU.ActiveCfg = Debug|Any CPU
		{C01724FC-7996-4BCF-8DE2-B71944612FDC}.Debug|Windows-ARM.ActiveCfg = Debug|Any CPU
		{C01724FC-7996-4BCF-8DE2-B71944612FDC}.Debug|Windows-x64.ActiveCfg = Debug|Any CPU
		{C01724FC-7996-4BCF-8DE2-B71944612FDC}.Debug|Windows-x86.ActiveCfg = Debug|Any CPU
		{C01724FC-7996-4BCF-8DE2-B71944612FDC}.Distribution|Android.ActiveCfg = Debug|Any CPU
		{C01724FC-7996-4BCF-8DE2-B71944612FDC}.Distribution|Any CPU.ActiveCfg = Debug|Any CPU
		{C01724FC-7996-4BCF-8DE2-B71944612FDC}.Distribution|Any CPU.Build.0 = Debug|Any CPU
		{C01724FC-7996-4BCF-8DE2-B71944612FDC}.Distribution|iOS.ActiveCfg = Debug|Any CPU
		{C01724FC-7996-4BCF-8DE2-B71944612FDC}.Distribution|Mixed Platforms.ActiveCfg = Debug|Any CPU
		{C01724FC-7996-4BCF-8DE2-B71944612FDC}.Distribution|Mixed Platforms.Build.0 = Debug|Any CPU
		{C01724FC-7996-4BCF-8DE2-B71944612FDC}.Distribution|Windows Phone (Universal).ActiveCfg = Debug|Any CPU
		{C01724FC-7996-4BCF-8DE2-B71944612FDC}.Distribution|Windows Phone 8.ActiveCfg = Debug|Any CPU
		{C01724FC-7996-4BCF-8DE2-B71944612FDC}.Distribution|Windows-AnyCPU.ActiveCfg = Debug|Any CPU
		{C01724FC-7996-4BCF-8DE2-B71944612FDC}.Distribution|Windows-ARM.ActiveCfg = Debug|Any CPU
		{C01724FC-7996-4BCF-8DE2-B71944612FDC}.Distribution|Windows-x64.ActiveCfg = Debug|Any CPU
		{C01724FC-7996-4BCF-8DE2-B71944612FDC}.Distribution|Windows-x86.ActiveCfg = Debug|Any CPU
		{C01724FC-7996-4BCF-8DE2-B71944612FDC}.Release|Android.ActiveCfg = Release|Any CPU
		{C01724FC-7996-4BCF-8DE2-B71944612FDC}.Release|Any CPU.ActiveCfg = Release|Any CPU
		{C01724FC-7996-4BCF-8DE2-B71944612FDC}.Release|Any CPU.Build.0 = Release|Any CPU
		{C01724FC-7996-4BCF-8DE2-B71944612FDC}.Release|iOS.ActiveCfg = Release|Any CPU
		{C01724FC-7996-4BCF-8DE2-B71944612FDC}.Release|Mixed Platforms.ActiveCfg = Release|Any CPU
		{C01724FC-7996-4BCF-8DE2-B71944612FDC}.Release|Mixed Platforms.Build.0 = Release|Any CPU
		{C01724FC-7996-4BCF-8DE2-B71944612FDC}.Release|Windows Phone (Universal).ActiveCfg = Release|Any CPU
		{C01724FC-7996-4BCF-8DE2-B71944612FDC}.Release|Windows Phone 8.ActiveCfg = Release|Any CPU
		{C01724FC-7996-4BCF-8DE2-B71944612FDC}.Release|Windows-AnyCPU.ActiveCfg = Release|Any CPU
		{C01724FC-7996-4BCF-8DE2-B71944612FDC}.Release|Windows-ARM.ActiveCfg = Release|Any CPU
		{C01724FC-7996-4BCF-8DE2-B71944612FDC}.Release|Windows-x64.ActiveCfg = Release|Any CPU
		{C01724FC-7996-4BCF-8DE2-B71944612FDC}.Release|Windows-x86.ActiveCfg = Release|Any CPU
		{164C688D-8346-451D-85A4-F6277A7E3E44}.Debug|Android.ActiveCfg = Debug|Any CPU
		{164C688D-8346-451D-85A4-F6277A7E3E44}.Debug|Any CPU.ActiveCfg = Debug|Any CPU
		{164C688D-8346-451D-85A4-F6277A7E3E44}.Debug|Any CPU.Build.0 = Debug|Any CPU
		{164C688D-8346-451D-85A4-F6277A7E3E44}.Debug|iOS.ActiveCfg = Debug|Any CPU
		{164C688D-8346-451D-85A4-F6277A7E3E44}.Debug|Mixed Platforms.ActiveCfg = Debug|Any CPU
		{164C688D-8346-451D-85A4-F6277A7E3E44}.Debug|Mixed Platforms.Build.0 = Debug|Any CPU
		{164C688D-8346-451D-85A4-F6277A7E3E44}.Debug|Windows Phone (Universal).ActiveCfg = Debug|Any CPU
		{164C688D-8346-451D-85A4-F6277A7E3E44}.Debug|Windows Phone 8.ActiveCfg = Debug|Any CPU
		{164C688D-8346-451D-85A4-F6277A7E3E44}.Debug|Windows-AnyCPU.ActiveCfg = Debug|Any CPU
		{164C688D-8346-451D-85A4-F6277A7E3E44}.Debug|Windows-ARM.ActiveCfg = Debug|Any CPU
		{164C688D-8346-451D-85A4-F6277A7E3E44}.Debug|Windows-x64.ActiveCfg = Debug|Any CPU
		{164C688D-8346-451D-85A4-F6277A7E3E44}.Debug|Windows-x86.ActiveCfg = Debug|Any CPU
		{164C688D-8346-451D-85A4-F6277A7E3E44}.Distribution|Android.ActiveCfg = Debug|Any CPU
		{164C688D-8346-451D-85A4-F6277A7E3E44}.Distribution|Any CPU.ActiveCfg = Debug|Any CPU
		{164C688D-8346-451D-85A4-F6277A7E3E44}.Distribution|Any CPU.Build.0 = Debug|Any CPU
		{164C688D-8346-451D-85A4-F6277A7E3E44}.Distribution|iOS.ActiveCfg = Debug|Any CPU
		{164C688D-8346-451D-85A4-F6277A7E3E44}.Distribution|Mixed Platforms.ActiveCfg = Debug|Any CPU
		{164C688D-8346-451D-85A4-F6277A7E3E44}.Distribution|Mixed Platforms.Build.0 = Debug|Any CPU
		{164C688D-8346-451D-85A4-F6277A7E3E44}.Distribution|Windows Phone (Universal).ActiveCfg = Debug|Any CPU
		{164C688D-8346-451D-85A4-F6277A7E3E44}.Distribution|Windows Phone 8.ActiveCfg = Debug|Any CPU
		{164C688D-8346-451D-85A4-F6277A7E3E44}.Distribution|Windows-AnyCPU.ActiveCfg = Debug|Any CPU
		{164C688D-8346-451D-85A4-F6277A7E3E44}.Distribution|Windows-ARM.ActiveCfg = Debug|Any CPU
		{164C688D-8346-451D-85A4-F6277A7E3E44}.Distribution|Windows-x64.ActiveCfg = Debug|Any CPU
		{164C688D-8346-451D-85A4-F6277A7E3E44}.Distribution|Windows-x86.ActiveCfg = Debug|Any CPU
		{164C688D-8346-451D-85A4-F6277A7E3E44}.Release|Android.ActiveCfg = Release|Any CPU
		{164C688D-8346-451D-85A4-F6277A7E3E44}.Release|Any CPU.ActiveCfg = Release|Any CPU
		{164C688D-8346-451D-85A4-F6277A7E3E44}.Release|Any CPU.Build.0 = Release|Any CPU
		{164C688D-8346-451D-85A4-F6277A7E3E44}.Release|iOS.ActiveCfg = Release|Any CPU
		{164C688D-8346-451D-85A4-F6277A7E3E44}.Release|Mixed Platforms.ActiveCfg = Release|Any CPU
		{164C688D-8346-451D-85A4-F6277A7E3E44}.Release|Mixed Platforms.Build.0 = Release|Any CPU
		{164C688D-8346-451D-85A4-F6277A7E3E44}.Release|Windows Phone (Universal).ActiveCfg = Release|Any CPU
		{164C688D-8346-451D-85A4-F6277A7E3E44}.Release|Windows Phone 8.ActiveCfg = Release|Any CPU
		{164C688D-8346-451D-85A4-F6277A7E3E44}.Release|Windows-AnyCPU.ActiveCfg = Release|Any CPU
		{164C688D-8346-451D-85A4-F6277A7E3E44}.Release|Windows-ARM.ActiveCfg = Release|Any CPU
		{164C688D-8346-451D-85A4-F6277A7E3E44}.Release|Windows-x64.ActiveCfg = Release|Any CPU
		{164C688D-8346-451D-85A4-F6277A7E3E44}.Release|Windows-x86.ActiveCfg = Release|Any CPU
	EndGlobalSection
	GlobalSection(SolutionProperties) = preSolution
		HideSolutionNode = FALSE
	EndGlobalSection
	GlobalSection(NestedProjects) = preSolution
		{239B9976-0855-459F-8C79-A740D92A314E} = {BE8ED852-37BB-4B72-914C-7CCB7A65E4D5}
		{73A5C2C1-265C-4AD6-8116-A0EE87986629} = {BE8ED852-37BB-4B72-914C-7CCB7A65E4D5}
		{713E1495-EF5B-4836-AECF-83765B833A87} = {BE8ED852-37BB-4B72-914C-7CCB7A65E4D5}
		{6BDDB15D-6A79-4646-8F51-45B1D1DA297F} = {B3C1605E-823F-41B2-B3E0-14A19E30F7FE}
		{30B32A64-2FAD-4A59-AACE-8CCCCB01EE9A} = {B3C1605E-823F-41B2-B3E0-14A19E30F7FE}
		{E041429C-3240-499D-BE99-461E615C8A70} = {B3C1605E-823F-41B2-B3E0-14A19E30F7FE}
		{F2B059D6-9E27-4580-8486-F19DBAAA8EBA} = {54B114B4-341D-46B3-90C4-373A561C17B5}
		{C01724FC-7996-4BCF-8DE2-B71944612FDC} = {54B114B4-341D-46B3-90C4-373A561C17B5}
		{164C688D-8346-451D-85A4-F6277A7E3E44} = {54B114B4-341D-46B3-90C4-373A561C17B5}
	EndGlobalSection
EndGlobal
